// !$*UTF8*$!
{
	archiveVersion = 1;
	classes = {
	};
	objectVersion = 46;
	objects = {

/* Begin PBXBuildFile section */
		7361862B1397E12200F8DD64 /* float4.c in Sources */ = {isa = PBXBuildFile; fileRef = 736186291397E12100F8DD64 /* float4.c */; };
		7387A1F01397959A0038A5CC /* AppKit.framework in Frameworks */ = {isa = PBXBuildFile; fileRef = 7387A1EF1397959A0038A5CC /* AppKit.framework */; };
		7387A1F6139796F00038A5CC /* Body.m in Sources */ = {isa = PBXBuildFile; fileRef = 7387A1F3139796F00038A5CC /* Body.m */; };
		7387A1F7139796F00038A5CC /* Light.m in Sources */ = {isa = PBXBuildFile; fileRef = 7387A1F5139796F00038A5CC /* Light.m */; };
		7387A202139797090038A5CC /* Ray.m in Sources */ = {isa = PBXBuildFile; fileRef = 7387A1F9139797090038A5CC /* Ray.m */; };
		7387A203139797090038A5CC /* RayColor.m in Sources */ = {isa = PBXBuildFile; fileRef = 7387A1FB139797090038A5CC /* RayColor.m */; };
		7387A204139797090038A5CC /* Raytrace.m in Sources */ = {isa = PBXBuildFile; fileRef = 7387A1FD139797090038A5CC /* Raytrace.m */; };
		7387A205139797090038A5CC /* Sphere.m in Sources */ = {isa = PBXBuildFile; fileRef = 7387A1FF139797090038A5CC /* Sphere.m */; };
		7387A206139797090038A5CC /* Triangle.m in Sources */ = {isa = PBXBuildFile; fileRef = 7387A201139797090038A5CC /* Triangle.m */; };
		7387A208139797340038A5CC /* main.m in Sources */ = {isa = PBXBuildFile; fileRef = 7387A207139797340038A5CC /* main.m */; };
/* End PBXBuildFile section */

/* Begin PBXCopyFilesBuildPhase section */
		7387A1D81397954F0038A5CC /* CopyFiles */ = {
			isa = PBXCopyFilesBuildPhase;
			buildActionMask = 2147483647;
			dstPath = /usr/share/man/man1/;
			dstSubfolderSpec = 0;
			files = (
			);
			runOnlyForDeploymentPostprocessing = 1;
		};
/* End PBXCopyFilesBuildPhase section */

/* Begin PBXFileReference section */
		736186291397E12100F8DD64 /* float4.c */ = {isa = PBXFileReference; fileEncoding = 4; lastKnownFileType = sourcecode.c.c; path = float4.c; sourceTree = "<group>"; };
		7361862A1397E12100F8DD64 /* float4.h */ = {isa = PBXFileReference; fileEncoding = 4; lastKnownFileType = sourcecode.c.h; path = float4.h; sourceTree = "<group>"; };
		7387A1DA1397954F0038A5CC /* Raytracer */ = {isa = PBXFileReference; explicitFileType = "compiled.mach-o.executable"; includeInIndex = 0; path = Raytracer; sourceTree = BUILT_PRODUCTS_DIR; };
		7387A1DE1397954F0038A5CC /* Foundation.framework */ = {isa = PBXFileReference; lastKnownFileType = wrapper.framework; name = Foundation.framework; path = System/Library/Frameworks/Foundation.framework; sourceTree = SDKROOT; };
		7387A1E41397954F0038A5CC /* Raytracer-Prefix.pch */ = {isa = PBXFileReference; lastKnownFileType = sourcecode.c.h; path = "Raytracer-Prefix.pch"; sourceTree = "<group>"; };
		7387A1E51397954F0038A5CC /* Raytracer.1 */ = {isa = PBXFileReference; lastKnownFileType = text.man; path = Raytracer.1; sourceTree = "<group>"; };
		7387A1EF1397959A0038A5CC /* AppKit.framework */ = {isa = PBXFileReference; lastKnownFileType = wrapper.framework; name = AppKit.framework; path = System/Library/Frameworks/AppKit.framework; sourceTree = SDKROOT; };
		7387A1F2139796F00038A5CC /* Body.h */ = {isa = PBXFileReference; fileEncoding = 4; lastKnownFileType = sourcecode.c.h; path = Body.h; sourceTree = "<group>"; };
		7387A1F3139796F00038A5CC /* Body.m */ = {isa = PBXFileReference; fileEncoding = 4; lastKnownFileType = sourcecode.c.objc; path = Body.m; sourceTree = "<group>"; };
		7387A1F4139796F00038A5CC /* Light.h */ = {isa = PBXFileReference; fileEncoding = 4; lastKnownFileType = sourcecode.c.h; path = Light.h; sourceTree = "<group>"; };
		7387A1F5139796F00038A5CC /* Light.m */ = {isa = PBXFileReference; fileEncoding = 4; lastKnownFileType = sourcecode.c.objc; path = Light.m; sourceTree = "<group>"; };
		7387A1F8139797090038A5CC /* Ray.h */ = {isa = PBXFileReference; fileEncoding = 4; lastKnownFileType = sourcecode.c.h; path = Ray.h; sourceTree = "<group>"; };
		7387A1F9139797090038A5CC /* Ray.m */ = {isa = PBXFileReference; fileEncoding = 4; lastKnownFileType = sourcecode.c.objc; path = Ray.m; sourceTree = "<group>"; };
		7387A1FA139797090038A5CC /* RayColor.h */ = {isa = PBXFileReference; fileEncoding = 4; lastKnownFileType = sourcecode.c.h; path = RayColor.h; sourceTree = "<group>"; };
		7387A1FB139797090038A5CC /* RayColor.m */ = {isa = PBXFileReference; fileEncoding = 4; lastKnownFileType = sourcecode.c.objc; path = RayColor.m; sourceTree = "<group>"; };
		7387A1FC139797090038A5CC /* Raytrace.h */ = {isa = PBXFileReference; fileEncoding = 4; lastKnownFileType = sourcecode.c.h; path = Raytrace.h; sourceTree = "<group>"; };
		7387A1FD139797090038A5CC /* Raytrace.m */ = {isa = PBXFileReference; fileEncoding = 4; lastKnownFileType = sourcecode.c.objc; path = Raytrace.m; sourceTree = "<group>"; };
		7387A1FE139797090038A5CC /* Sphere.h */ = {isa = PBXFileReference; fileEncoding = 4; lastKnownFileType = sourcecode.c.h; path = Sphere.h; sourceTree = "<group>"; };
		7387A1FF139797090038A5CC /* Sphere.m */ = {isa = PBXFileReference; fileEncoding = 4; lastKnownFileType = sourcecode.c.objc; path = Sphere.m; sourceTree = "<group>"; };
		7387A200139797090038A5CC /* Triangle.h */ = {isa = PBXFileReference; fileEncoding = 4; lastKnownFileType = sourcecode.c.h; path = Triangle.h; sourceTree = "<group>"; };
		7387A201139797090038A5CC /* Triangle.m */ = {isa = PBXFileReference; fileEncoding = 4; lastKnownFileType = sourcecode.c.objc; path = Triangle.m; sourceTree = "<group>"; };
		7387A207139797340038A5CC /* main.m */ = {isa = PBXFileReference; fileEncoding = 4; lastKnownFileType = sourcecode.c.objc; path = main.m; sourceTree = "<group>"; };
/* End PBXFileReference section */

/* Begin PBXFrameworksBuildPhase section */
		7387A1D71397954F0038A5CC /* Frameworks */ = {
			isa = PBXFrameworksBuildPhase;
			buildActionMask = 2147483647;
			files = (
				7387A1F01397959A0038A5CC /* AppKit.framework in Frameworks */,
			);
			runOnlyForDeploymentPostprocessing = 0;
		};
/* End PBXFrameworksBuildPhase section */

/* Begin PBXGroup section */
		7387A1CF1397954F0038A5CC = {
			isa = PBXGroup;
			children = (
				7387A1E01397954F0038A5CC /* Raytracer */,
				7387A1DD1397954F0038A5CC /* Frameworks */,
				7387A1DB1397954F0038A5CC /* Products */,
			);
			sourceTree = "<group>";
		};
		7387A1DB1397954F0038A5CC /* Products */ = {
			isa = PBXGroup;
			children = (
				7387A1DA1397954F0038A5CC /* Raytracer */,
			);
			name = Products;
			sourceTree = "<group>";
		};
		7387A1DD1397954F0038A5CC /* Frameworks */ = {
			isa = PBXGroup;
			children = (
				7387A1EF1397959A0038A5CC /* AppKit.framework */,
				7387A1DE1397954F0038A5CC /* Foundation.framework */,
			);
			name = Frameworks;
			sourceTree = "<group>";
		};
		7387A1E01397954F0038A5CC /* Raytracer */ = {
			isa = PBXGroup;
			children = (
				7387A20B13979C3D0038A5CC /* Basic */,
				7387A20A13979C290038A5CC /* Lights */,
				7387A20913979C050038A5CC /* Objects */,
				7387A207139797340038A5CC /* main.m */,
				7387A1E51397954F0038A5CC /* Raytracer.1 */,
				7387A1E31397954F0038A5CC /* Supporting Files */,
			);
			path = Raytracer;
			sourceTree = "<group>";
		};
		7387A1E31397954F0038A5CC /* Supporting Files */ = {
			isa = PBXGroup;
			children = (
				7387A1E41397954F0038A5CC /* Raytracer-Prefix.pch */,
			);
			name = "Supporting Files";
			sourceTree = "<group>";
		};
		7387A20913979C050038A5CC /* Objects */ = {
			isa = PBXGroup;
			children = (
				7387A1F2139796F00038A5CC /* Body.h */,
				7387A1F3139796F00038A5CC /* Body.m */,
				7387A1FE139797090038A5CC /* Sphere.h */,
				7387A1FF139797090038A5CC /* Sphere.m */,
				7387A200139797090038A5CC /* Triangle.h */,
				7387A201139797090038A5CC /* Triangle.m */,
			);
			name = Objects;
			sourceTree = "<group>";
		};
		7387A20A13979C290038A5CC /* Lights */ = {
			isa = PBXGroup;
			children = (
				7387A1F4139796F00038A5CC /* Light.h */,
				7387A1F5139796F00038A5CC /* Light.m */,
			);
			name = Lights;
			sourceTree = "<group>";
		};
		7387A20B13979C3D0038A5CC /* Basic */ = {
			isa = PBXGroup;
			children = (
				7361862A1397E12100F8DD64 /* float4.h */,
				736186291397E12100F8DD64 /* float4.c */,
				7387A1F8139797090038A5CC /* Ray.h */,
				7387A1F9139797090038A5CC /* Ray.m */,
				7387A1FA139797090038A5CC /* RayColor.h */,
				7387A1FB139797090038A5CC /* RayColor.m */,
				7387A1FC139797090038A5CC /* Raytrace.h */,
				7387A1FD139797090038A5CC /* Raytrace.m */,
			);
			name = Basic;
			sourceTree = "<group>";
		};
/* End PBXGroup section */

/* Begin PBXNativeTarget section */
		7387A1D91397954F0038A5CC /* Raytracer */ = {
			isa = PBXNativeTarget;
			buildConfigurationList = 7387A1E81397954F0038A5CC /* Build configuration list for PBXNativeTarget "Raytracer" */;
			buildPhases = (
				7387A1D61397954F0038A5CC /* Sources */,
				7387A1D71397954F0038A5CC /* Frameworks */,
				7387A1D81397954F0038A5CC /* CopyFiles */,
			);
			buildRules = (
			);
			dependencies = (
			);
			name = Raytracer;
			productName = Raytracer;
			productReference = 7387A1DA1397954F0038A5CC /* Raytracer */;
			productType = "com.apple.product-type.tool";
		};
/* End PBXNativeTarget section */

/* Begin PBXProject section */
		7387A1D11397954F0038A5CC /* Project object */ = {
			isa = PBXProject;
			buildConfigurationList = 7387A1D41397954F0038A5CC /* Build configuration list for PBXProject "Raytracer" */;
			compatibilityVersion = "Xcode 3.2";
			developmentRegion = English;
			hasScannedForEncodings = 0;
			knownRegions = (
				en,
			);
			mainGroup = 7387A1CF1397954F0038A5CC;
			productRefGroup = 7387A1DB1397954F0038A5CC /* Products */;
			projectDirPath = "";
			projectRoot = "";
			targets = (
				7387A1D91397954F0038A5CC /* Raytracer */,
			);
		};
/* End PBXProject section */

/* Begin PBXSourcesBuildPhase section */
		7387A1D61397954F0038A5CC /* Sources */ = {
			isa = PBXSourcesBuildPhase;
			buildActionMask = 2147483647;
			files = (
				7387A1F6139796F00038A5CC /* Body.m in Sources */,
				7387A1F7139796F00038A5CC /* Light.m in Sources */,
				7387A202139797090038A5CC /* Ray.m in Sources */,
				7387A203139797090038A5CC /* RayColor.m in Sources */,
				7387A204139797090038A5CC /* Raytrace.m in Sources */,
				7387A205139797090038A5CC /* Sphere.m in Sources */,
				7387A206139797090038A5CC /* Triangle.m in Sources */,
				7387A208139797340038A5CC /* main.m in Sources */,
				7361862B1397E12200F8DD64 /* float4.c in Sources */,
			);
			runOnlyForDeploymentPostprocessing = 0;
		};
/* End PBXSourcesBuildPhase section */

/* Begin XCBuildConfiguration section */
		7387A1E61397954F0038A5CC /* Debug */ = {
			isa = XCBuildConfiguration;
			buildSettings = {
				ARCHS = "$(NATIVE_ARCH_ACTUAL)";
				GCC_C_LANGUAGE_STANDARD = gnu99;
				GCC_OPTIMIZATION_LEVEL = 0;
				GCC_PREPROCESSOR_DEFINITIONS = DEBUG;
				GCC_SYMBOLS_PRIVATE_EXTERN = NO;
				GCC_VERSION = com.apple.compilers.llvm.clang.1_0;
				GCC_WARN_64_TO_32_BIT_CONVERSION = YES;
				GCC_WARN_ABOUT_RETURN_TYPE = YES;
				GCC_WARN_UNUSED_VARIABLE = YES;
				MACOSX_DEPLOYMENT_TARGET = 10.6;
				ONLY_ACTIVE_ARCH = YES;
				SDKROOT = macosx;
			};
			name = Debug;
		};
		7387A1E71397954F0038A5CC /* Release */ = {
			isa = XCBuildConfiguration;
			buildSettings = {
				ARCHS = "$(NATIVE_ARCH_ACTUAL)";
				GCC_C_LANGUAGE_STANDARD = gnu99;
				GCC_VERSION = com.apple.compilers.llvm.clang.1_0;
				GCC_WARN_64_TO_32_BIT_CONVERSION = YES;
				GCC_WARN_ABOUT_RETURN_TYPE = YES;
				GCC_WARN_UNUSED_VARIABLE = YES;
				MACOSX_DEPLOYMENT_TARGET = 10.6;
				ONLY_ACTIVE_ARCH = NO;
				SDKROOT = macosx;
			};
			name = Release;
		};
		7387A1E91397954F0038A5CC /* Debug */ = {
			isa = XCBuildConfiguration;
			buildSettings = {
				ALWAYS_SEARCH_USER_PATHS = NO;
				COPY_PHASE_STRIP = NO;
				GCC_DYNAMIC_NO_PIC = NO;
				GCC_ENABLE_OBJC_EXCEPTIONS = YES;
				GCC_PRECOMPILE_PREFIX_HEADER = YES;
				GCC_PREFIX_HEADER = "Raytracer/Raytracer-Prefix.pch";
				PRODUCT_NAME = "$(TARGET_NAME)";
			};
			name = Debug;
		};
		7387A1EA1397954F0038A5CC /* Release */ = {
			isa = XCBuildConfiguration;
			buildSettings = {
				ALWAYS_SEARCH_USER_PATHS = NO;
				COPY_PHASE_STRIP = YES;
				DEBUG_INFORMATION_FORMAT = "dwarf-with-dsym";
				GCC_ENABLE_OBJC_EXCEPTIONS = YES;
				GCC_PRECOMPILE_PREFIX_HEADER = YES;
				GCC_PREFIX_HEADER = "Raytracer/Raytracer-Prefix.pch";
				PRODUCT_NAME = "$(TARGET_NAME)";
			};
			name = Release;
		};
/* End XCBuildConfiguration section */

/* Begin XCConfigurationList section */
		7387A1D41397954F0038A5CC /* Build configuration list for PBXProject "Raytracer" */ = {
			isa = XCConfigurationList;
			buildConfigurations = (
				7387A1E61397954F0038A5CC /* Debug */,
				7387A1E71397954F0038A5CC /* Release */,
			);
			defaultConfigurationIsVisible = 0;
			defaultConfigurationName = Release;
		};
		7387A1E81397954F0038A5CC /* Build configuration list for PBXNativeTarget "Raytracer" */ = {
			isa = XCConfigurationList;
			buildConfigurations = (
				7387A1E91397954F0038A5CC /* Debug */,
				7387A1EA1397954F0038A5CC /* Release */,
			);
			defaultConfigurationIsVisible = 0;
			defaultConfigurationName = Release;
		};
/* End XCConfigurationList section */
	};
	rootObject = 7387A1D11397954F0038A5CC /* Project object */;
}
